// !$*UTF8*$!
{
	archiveVersion = 1;
	classes = {
	};
	objectVersion = 50;
	objects = {

/* Begin PBXBuildFile section */
		AE551DFD24EC9EC6006EA151 /* AppDelegate.swift in Sources */ = {isa = PBXBuildFile; fileRef = AE551DFC24EC9EC6006EA151 /* AppDelegate.swift */; };
		AE551DFF24EC9EC6006EA151 /* SceneDelegate.swift in Sources */ = {isa = PBXBuildFile; fileRef = AE551DFE24EC9EC6006EA151 /* SceneDelegate.swift */; };
		AE551E0124EC9EC6006EA151 /* ViewController.swift in Sources */ = {isa = PBXBuildFile; fileRef = AE551E0024EC9EC6006EA151 /* ViewController.swift */; };
		AE551E0424EC9EC6006EA151 /* Main.storyboard in Resources */ = {isa = PBXBuildFile; fileRef = AE551E0224EC9EC6006EA151 /* Main.storyboard */; };
		AE551E0724EC9EC6006EA151 /* Fish_Timer.xcdatamodeld in Sources */ = {isa = PBXBuildFile; fileRef = AE551E0524EC9EC6006EA151 /* Fish_Timer.xcdatamodeld */; };
		AE551E0924EC9ECA006EA151 /* Assets.xcassets in Resources */ = {isa = PBXBuildFile; fileRef = AE551E0824EC9ECA006EA151 /* Assets.xcassets */; };
		AE551E0C24EC9ECA006EA151 /* LaunchScreen.storyboard in Resources */ = {isa = PBXBuildFile; fileRef = AE551E0A24EC9ECA006EA151 /* LaunchScreen.storyboard */; };
		AE551E1724EC9ECB006EA151 /* Fish_TimerUITests.swift in Sources */ = {isa = PBXBuildFile; fileRef = AE551E1624EC9ECB006EA151 /* Fish_TimerUITests.swift */; };
		AE551E2224EDE218006EA151 /* timerModel.swift in Sources */ = {isa = PBXBuildFile; fileRef = AE551E2124EDE217006EA151 /* timerModel.swift */; };
/* End PBXBuildFile section */

/* Begin PBXContainerItemProxy section */
		AE551E1324EC9ECB006EA151 /* PBXContainerItemProxy */ = {
			isa = PBXContainerItemProxy;
			containerPortal = AE551DF124EC9EC6006EA151 /* Project object */;
			proxyType = 1;
			remoteGlobalIDString = AE551DF824EC9EC6006EA151;
			remoteInfo = "Fish Timer";
		};
/* End PBXContainerItemProxy section */

/* Begin PBXFileReference section */
		AE551DF924EC9EC6006EA151 /* Fish Timer.app */ = {isa = PBXFileReference; explicitFileType = wrapper.application; includeInIndex = 0; path = "Fish Timer.app"; sourceTree = BUILT_PRODUCTS_DIR; };
		AE551DFC24EC9EC6006EA151 /* AppDelegate.swift */ = {isa = PBXFileReference; lastKnownFileType = sourcecode.swift; path = AppDelegate.swift; sourceTree = "<group>"; };
		AE551DFE24EC9EC6006EA151 /* SceneDelegate.swift */ = {isa = PBXFileReference; lastKnownFileType = sourcecode.swift; path = SceneDelegate.swift; sourceTree = "<group>"; };
		AE551E0024EC9EC6006EA151 /* ViewController.swift */ = {isa = PBXFileReference; lastKnownFileType = sourcecode.swift; path = ViewController.swift; sourceTree = "<group>"; };
		AE551E0324EC9EC6006EA151 /* Base */ = {isa = PBXFileReference; lastKnownFileType = file.storyboard; name = Base; path = Base.lproj/Main.storyboard; sourceTree = "<group>"; };
		AE551E0624EC9EC6006EA151 /* Fish_Timer.xcdatamodel */ = {isa = PBXFileReference; lastKnownFileType = wrapper.xcdatamodel; path = Fish_Timer.xcdatamodel; sourceTree = "<group>"; };
		AE551E0824EC9ECA006EA151 /* Assets.xcassets */ = {isa = PBXFileReference; lastKnownFileType = folder.assetcatalog; path = Assets.xcassets; sourceTree = "<group>"; };
		AE551E0B24EC9ECA006EA151 /* Base */ = {isa = PBXFileReference; lastKnownFileType = file.storyboard; name = Base; path = Base.lproj/LaunchScreen.storyboard; sourceTree = "<group>"; };
		AE551E0D24EC9ECA006EA151 /* Info.plist */ = {isa = PBXFileReference; lastKnownFileType = text.plist.xml; path = Info.plist; sourceTree = "<group>"; };
		AE551E1224EC9ECB006EA151 /* Fish TimerUITests.xctest */ = {isa = PBXFileReference; explicitFileType = wrapper.cfbundle; includeInIndex = 0; path = "Fish TimerUITests.xctest"; sourceTree = BUILT_PRODUCTS_DIR; };
		AE551E1624EC9ECB006EA151 /* Fish_TimerUITests.swift */ = {isa = PBXFileReference; lastKnownFileType = sourcecode.swift; path = Fish_TimerUITests.swift; sourceTree = "<group>"; };
		AE551E1824EC9ECB006EA151 /* Info.plist */ = {isa = PBXFileReference; lastKnownFileType = text.plist.xml; path = Info.plist; sourceTree = "<group>"; };
		AE551E2124EDE217006EA151 /* timerModel.swift */ = {isa = PBXFileReference; lastKnownFileType = sourcecode.swift; path = timerModel.swift; sourceTree = "<group>"; };
/* End PBXFileReference section */

/* Begin PBXFrameworksBuildPhase section */
		AE551DF624EC9EC6006EA151 /* Frameworks */ = {
			isa = PBXFrameworksBuildPhase;
			buildActionMask = 2147483647;
			files = (
			);
			runOnlyForDeploymentPostprocessing = 0;
		};
		AE551E0F24EC9ECB006EA151 /* Frameworks */ = {
			isa = PBXFrameworksBuildPhase;
			buildActionMask = 2147483647;
			files = (
			);
			runOnlyForDeploymentPostprocessing = 0;
		};
/* End PBXFrameworksBuildPhase section */

/* Begin PBXGroup section */
		AE551DF024EC9EC6006EA151 = {
			isa = PBXGroup;
			children = (
				AE551DFB24EC9EC6006EA151 /* Fish Timer */,
				AE551E1524EC9ECB006EA151 /* Fish TimerUITests */,
				AE551DFA24EC9EC6006EA151 /* Products */,
			);
			sourceTree = "<group>";
		};
		AE551DFA24EC9EC6006EA151 /* Products */ = {
			isa = PBXGroup;
			children = (
				AE551DF924EC9EC6006EA151 /* Fish Timer.app */,
				AE551E1224EC9ECB006EA151 /* Fish TimerUITests.xctest */,
			);
			name = Products;
			sourceTree = "<group>";
		};
		AE551DFB24EC9EC6006EA151 /* Fish Timer */ = {
			isa = PBXGroup;
			children = (
				AE551DFC24EC9EC6006EA151 /* AppDelegate.swift */,
				AE551DFE24EC9EC6006EA151 /* SceneDelegate.swift */,
				AE551E0024EC9EC6006EA151 /* ViewController.swift */,
				AE551E0224EC9EC6006EA151 /* Main.storyboard */,
				AE551E2124EDE217006EA151 /* timerModel.swift */,
				AE551E0824EC9ECA006EA151 /* Assets.xcassets */,
				AE551E0A24EC9ECA006EA151 /* LaunchScreen.storyboard */,
				AE551E0D24EC9ECA006EA151 /* Info.plist */,
				AE551E0524EC9EC6006EA151 /* Fish_Timer.xcdatamodeld */,
			);
			path = "Fish Timer";
			sourceTree = "<group>";
		};
		AE551E1524EC9ECB006EA151 /* Fish TimerUITests */ = {
			isa = PBXGroup;
			children = (
				AE551E1624EC9ECB006EA151 /* Fish_TimerUITests.swift */,
				AE551E1824EC9ECB006EA151 /* Info.plist */,
			);
			path = "Fish TimerUITests";
			sourceTree = "<group>";
		};
/* End PBXGroup section */

/* Begin PBXNativeTarget section */
		AE551DF824EC9EC6006EA151 /* Fish Timer */ = {
			isa = PBXNativeTarget;
			buildConfigurationList = AE551E1B24EC9ECB006EA151 /* Build configuration list for PBXNativeTarget "Fish Timer" */;
			buildPhases = (
				AE551DF524EC9EC6006EA151 /* Sources */,
				AE551DF624EC9EC6006EA151 /* Frameworks */,
				AE551DF724EC9EC6006EA151 /* Resources */,
			);
			buildRules = (
			);
			dependencies = (
			);
			name = "Fish Timer";
			productName = "Fish Timer";
			productReference = AE551DF924EC9EC6006EA151 /* Fish Timer.app */;
			productType = "com.apple.product-type.application";
		};
		AE551E1124EC9ECB006EA151 /* Fish TimerUITests */ = {
			isa = PBXNativeTarget;
			buildConfigurationList = AE551E1E24EC9ECB006EA151 /* Build configuration list for PBXNativeTarget "Fish TimerUITests" */;
			buildPhases = (
				AE551E0E24EC9ECB006EA151 /* Sources */,
				AE551E0F24EC9ECB006EA151 /* Frameworks */,
				AE551E1024EC9ECB006EA151 /* Resources */,
			);
			buildRules = (
			);
			dependencies = (
				AE551E1424EC9ECB006EA151 /* PBXTargetDependency */,
			);
			name = "Fish TimerUITests";
			productName = "Fish TimerUITests";
			productReference = AE551E1224EC9ECB006EA151 /* Fish TimerUITests.xctest */;
			productType = "com.apple.product-type.bundle.ui-testing";
		};
/* End PBXNativeTarget section */

/* Begin PBXProject section */
		AE551DF124EC9EC6006EA151 /* Project object */ = {
			isa = PBXProject;
			attributes = {
				LastSwiftUpdateCheck = 1160;
				LastUpgradeCheck = 1160;
				TargetAttributes = {
					AE551DF824EC9EC6006EA151 = {
						CreatedOnToolsVersion = 11.6;
					};
					AE551E1124EC9ECB006EA151 = {
						CreatedOnToolsVersion = 11.6;
						TestTargetID = AE551DF824EC9EC6006EA151;
					};
				};
			};
			buildConfigurationList = AE551DF424EC9EC6006EA151 /* Build configuration list for PBXProject "Fish Timer" */;
			compatibilityVersion = "Xcode 9.3";
			developmentRegion = en;
			hasScannedForEncodings = 0;
			knownRegions = (
				en,
				Base,
			);
			mainGroup = AE551DF024EC9EC6006EA151;
			productRefGroup = AE551DFA24EC9EC6006EA151 /* Products */;
			projectDirPath = "";
			projectRoot = "";
			targets = (
				AE551DF824EC9EC6006EA151 /* Fish Timer */,
				AE551E1124EC9ECB006EA151 /* Fish TimerUITests */,
			);
		};
/* End PBXProject section */

/* Begin PBXResourcesBuildPhase section */
		AE551DF724EC9EC6006EA151 /* Resources */ = {
			isa = PBXResourcesBuildPhase;
			buildActionMask = 2147483647;
			files = (
				AE551E0C24EC9ECA006EA151 /* LaunchScreen.storyboard in Resources */,
				AE551E0924EC9ECA006EA151 /* Assets.xcassets in Resources */,
				AE551E0424EC9EC6006EA151 /* Main.storyboard in Resources */,
			);
			runOnlyForDeploymentPostprocessing = 0;
		};
		AE551E1024EC9ECB006EA151 /* Resources */ = {
			isa = PBXResourcesBuildPhase;
			buildActionMask = 2147483647;
			files = (
			);
			runOnlyForDeploymentPostprocessing = 0;
		};
/* End PBXResourcesBuildPhase section */

/* Begin PBXSourcesBuildPhase section */
		AE551DF524EC9EC6006EA151 /* Sources */ = {
			isa = PBXSourcesBuildPhase;
			buildActionMask = 2147483647;
			files = (
				AE551E0124EC9EC6006EA151 /* ViewController.swift in Sources */,
				AE551E0724EC9EC6006EA151 /* Fish_Timer.xcdatamodeld in Sources */,
				AE551E2224EDE218006EA151 /* timerModel.swift in Sources */,
				AE551DFD24EC9EC6006EA151 /* AppDelegate.swift in Sources */,
				AE551DFF24EC9EC6006EA151 /* SceneDelegate.swift in Sources */,
			);
			runOnlyForDeploymentPostprocessing = 0;
		};
		AE551E0E24EC9ECB006EA151 /* Sources */ = {
			isa = PBXSourcesBuildPhase;
			buildActionMask = 2147483647;
			files = (
				AE551E1724EC9ECB006EA151 /* Fish_TimerUITests.swift in Sources */,
			);
			runOnlyForDeploymentPostprocessing = 0;
		};
/* End PBXSourcesBuildPhase section */

/* Begin PBXTargetDependency section */
		AE551E1424EC9ECB006EA151 /* PBXTargetDependency */ = {
			isa = PBXTargetDependency;
			target = AE551DF824EC9EC6006EA151 /* Fish Timer */;
			targetProxy = AE551E1324EC9ECB006EA151 /* PBXContainerItemProxy */;
		};
/* End PBXTargetDependency section */

/* Begin PBXVariantGroup section */
		AE551E0224EC9EC6006EA151 /* Main.storyboard */ = {
			isa = PBXVariantGroup;
			children = (
				AE551E0324EC9EC6006EA151 /* Base */,
			);
			name = Main.storyboard;
			sourceTree = "<group>";
		};
		AE551E0A24EC9ECA006EA151 /* LaunchScreen.storyboard */ = {
			isa = PBXVariantGroup;
			children = (
				AE551E0B24EC9ECA006EA151 /* Base */,
			);
			name = LaunchScreen.storyboard;
			sourceTree = "<group>";
		};
/* End PBXVariantGroup section */

/* Begin XCBuildConfiguration section */
		AE551E1924EC9ECB006EA151 /* Debug */ = {
			isa = XCBuildConfiguration;
			buildSettings = {
				ALWAYS_SEARCH_USER_PATHS = NO;
				CLANG_ANALYZER_NONNULL = YES;
				CLANG_ANALYZER_NUMBER_OBJECT_CONVERSION = YES_AGGRESSIVE;
				CLANG_CXX_LANGUAGE_STANDARD = "gnu++14";
				CLANG_CXX_LIBRARY = "libc++";
				CLANG_ENABLE_MODULES = YES;
				CLANG_ENABLE_OBJC_ARC = YES;
				CLANG_ENABLE_OBJC_WEAK = YES;
				CLANG_WARN_BLOCK_CAPTURE_AUTORELEASING = YES;
				CLANG_WARN_BOOL_CONVERSION = YES;
				CLANG_WARN_COMMA = YES;
				CLANG_WARN_CONSTANT_CONVERSION = YES;
				CLANG_WARN_DEPRECATED_OBJC_IMPLEMENTATIONS = YES;
				CLANG_WARN_DIRECT_OBJC_ISA_USAGE = YES_ERROR;
				CLANG_WARN_DOCUMENTATION_COMMENTS = YES;
				CLANG_WARN_EMPTY_BODY = YES;
				CLANG_WARN_ENUM_CONVERSION = YES;
				CLANG_WARN_INFINITE_RECURSION = YES;
				CLANG_WARN_INT_CONVERSION = YES;
				CLANG_WARN_NON_LITERAL_NULL_CONVERSION = YES;
				CLANG_WARN_OBJC_IMPLICIT_RETAIN_SELF = YES;
				CLANG_WARN_OBJC_LITERAL_CONVERSION = YES;
				CLANG_WARN_OBJC_ROOT_CLASS = YES_ERROR;
				CLANG_WARN_RANGE_LOOP_ANALYSIS = YES;
				CLANG_WARN_STRICT_PROTOTYPES = YES;
				CLANG_WARN_SUSPICIOUS_MOVE = YES;
				CLANG_WARN_UNGUARDED_AVAILABILITY = YES_AGGRESSIVE;
				CLANG_WARN_UNREACHABLE_CODE = YES;
				CLANG_WARN__DUPLICATE_METHOD_MATCH = YES;
				COPY_PHASE_STRIP = NO;
				DEBUG_INFORMATION_FORMAT = dwarf;
				ENABLE_STRICT_OBJC_MSGSEND = YES;
				ENABLE_TESTABILITY = YES;
				GCC_C_LANGUAGE_STANDARD = gnu11;
				GCC_DYNAMIC_NO_PIC = NO;
				GCC_NO_COMMON_BLOCKS = YES;
				GCC_OPTIMIZATION_LEVEL = 0;
				GCC_PREPROCESSOR_DEFINITIONS = (
					"DEBUG=1",
					"$(inherited)",
				);
				GCC_WARN_64_TO_32_BIT_CONVERSION = YES;
				GCC_WARN_ABOUT_RETURN_TYPE = YES_ERROR;
				GCC_WARN_UNDECLARED_SELECTOR = YES;
				GCC_WARN_UNINITIALIZED_AUTOS = YES_AGGRESSIVE;
				GCC_WARN_UNUSED_FUNCTION = YES;
				GCC_WARN_UNUSED_VARIABLE = YES;
				IPHONEOS_DEPLOYMENT_TARGET = 13.6;
				MTL_ENABLE_DEBUG_INFO = INCLUDE_SOURCE;
				MTL_FAST_MATH = YES;
				ONLY_ACTIVE_ARCH = YES;
				SDKROOT = iphoneos;
				SWIFT_ACTIVE_COMPILATION_CONDITIONS = DEBUG;
				SWIFT_OPTIMIZATION_LEVEL = "-Onone";
			};
			name = Debug;
		};
		AE551E1A24EC9ECB006EA151 /* Release */ = {
			isa = XCBuildConfiguration;
			buildSettings = {
				ALWAYS_SEARCH_USER_PATHS = NO;
				CLANG_ANALYZER_NONNULL = YES;
				CLANG_ANALYZER_NUMBER_OBJECT_CONVERSION = YES_AGGRESSIVE;
				CLANG_CXX_LANGUAGE_STANDARD = "gnu++14";
				CLANG_CXX_LIBRARY = "libc++";
				CLANG_ENABLE_MODULES = YES;
				CLANG_ENABLE_OBJC_ARC = YES;
				CLANG_ENABLE_OBJC_WEAK = YES;
				CLANG_WARN_BLOCK_CAPTURE_AUTORELEASING = YES;
				CLANG_WARN_BOOL_CONVERSION = YES;
				CLANG_WARN_COMMA = YES;
				CLANG_WARN_CONSTANT_CONVERSION = YES;
				CLANG_WARN_DEPRECATED_OBJC_IMPLEMENTATIONS = YES;
				CLANG_WARN_DIRECT_OBJC_ISA_USAGE = YES_ERROR;
				CLANG_WARN_DOCUMENTATION_COMMENTS = YES;
				CLANG_WARN_EMPTY_BODY = YES;
				CLANG_WARN_ENUM_CONVERSION = YES;
				CLANG_WARN_INFINITE_RECURSION = YES;
				CLANG_WARN_INT_CONVERSION = YES;
				CLANG_WARN_NON_LITERAL_NULL_CONVERSION = YES;
				CLANG_WARN_OBJC_IMPLICIT_RETAIN_SELF = YES;
				CLANG_WARN_OBJC_LITERAL_CONVERSION = YES;
				CLANG_WARN_OBJC_ROOT_CLASS = YES_ERROR;
				CLANG_WARN_RANGE_LOOP_ANALYSIS = YES;
				CLANG_WARN_STRICT_PROTOTYPES = YES;
				CLANG_WARN_SUSPICIOUS_MOVE = YES;
				CLANG_WARN_UNGUARDED_AVAILABILITY = YES_AGGRESSIVE;
				CLANG_WARN_UNREACHABLE_CODE = YES;
				CLANG_WARN__DUPLICATE_METHOD_MATCH = YES;
				COPY_PHASE_STRIP = NO;
				DEBUG_INFORMATION_FORMAT = "dwarf-with-dsym";
				ENABLE_NS_ASSERTIONS = NO;
				ENABLE_STRICT_OBJC_MSGSEND = YES;
				GCC_C_LANGUAGE_STANDARD = gnu11;
				GCC_NO_COMMON_BLOCKS = YES;
				GCC_WARN_64_TO_32_BIT_CONVERSION = YES;
				GCC_WARN_ABOUT_RETURN_TYPE = YES_ERROR;
				GCC_WARN_UNDECLARED_SELECTOR = YES;
				GCC_WARN_UNINITIALIZED_AUTOS = YES_AGGRESSIVE;
				GCC_WARN_UNUSED_FUNCTION = YES;
				GCC_WARN_UNUSED_VARIABLE = YES;
				IPHONEOS_DEPLOYMENT_TARGET = 13.6;
				MTL_ENABLE_DEBUG_INFO = NO;
				MTL_FAST_MATH = YES;
				SDKROOT = iphoneos;
				SWIFT_COMPILATION_MODE = wholemodule;
				SWIFT_OPTIMIZATION_LEVEL = "-O";
				VALIDATE_PRODUCT = YES;
			};
			name = Release;
		};
		AE551E1C24EC9ECB006EA151 /* Debug */ = {
			isa = XCBuildConfiguration;
			buildSettings = {
				ASSETCATALOG_COMPILER_APPICON_NAME = AppIcon;
				CODE_SIGN_STYLE = Automatic;
				DEVELOPMENT_TEAM = 7Q987M5K2Y;
				INFOPLIST_FILE = "Fish Timer/Info.plist";
				LD_RUNPATH_SEARCH_PATHS = (
					"$(inherited)",
					"@executable_path/Frameworks",
				);
				PRODUCT_BUNDLE_IDENTIFIER = "personal.test.ios.Fish-Timer";
				PRODUCT_NAME = "$(TARGET_NAME)";
				SWIFT_VERSION = 5.0;
				TARGETED_DEVICE_FAMILY = "1,2";
			};
			name = Debug;
		};
		AE551E1D24EC9ECB006EA151 /* Release */ = {
			isa = XCBuildConfiguration;
			buildSettings = {
				ASSETCATALOG_COMPILER_APPICON_NAME = AppIcon;
				CODE_SIGN_STYLE = Automatic;
				DEVELOPMENT_TEAM = 7Q987M5K2Y;
				INFOPLIST_FILE = "Fish Timer/Info.plist";
				LD_RUNPATH_SEARCH_PATHS = (
					"$(inherited)",
					"@executable_path/Frameworks",
				);
				PRODUCT_BUNDLE_IDENTIFIER = "personal.test.ios.Fish-Timer";
				PRODUCT_NAME = "$(TARGET_NAME)";
				SWIFT_VERSION = 5.0;
				TARGETED_DEVICE_FAMILY = "1,2";
			};
			name = Release;
		};
		AE551E1F24EC9ECB006EA151 /* Debug */ = {
			isa = XCBuildConfiguration;
			buildSettings = {
				ALWAYS_EMBED_SWIFT_STANDARD_LIBRARIES = YES;
				CODE_SIGN_STYLE = Automatic;
				DEVELOPMENT_TEAM = 7Q987M5K2Y;
				INFOPLIST_FILE = "Fish TimerUITests/Info.plist";
				LD_RUNPATH_SEARCH_PATHS = (
					"$(inherited)",
					"@executable_path/Frameworks",
					"@loader_path/Frameworks",
				);
				PRODUCT_BUNDLE_IDENTIFIER = "personal.test.ios.Fish-TimerUITests";
				PRODUCT_NAME = "$(TARGET_NAME)";
				SWIFT_VERSION = 5.0;
				TARGETED_DEVICE_FAMILY = "1,2";
				TEST_TARGET_NAME = "Fish Timer";
			};
			name = Debug;
		};
		AE551E2024EC9ECB006EA151 /* Release */ = {
			isa = XCBuildConfiguration;
			buildSettings = {
				ALWAYS_EMBED_SWIFT_STANDARD_LIBRARIES = YES;
				CODE_SIGN_STYLE = Automatic;
				DEVELOPMENT_TEAM = 7Q987M5K2Y;
				INFOPLIST_FILE = "Fish TimerUITests/Info.plist";
				LD_RUNPATH_SEARCH_PATHS = (
					"$(inherited)",
					"@executable_path/Frameworks",
					"@loader_path/Frameworks",
				);
				PRODUCT_BUNDLE_IDENTIFIER = "personal.test.ios.Fish-TimerUITests";
				PRODUCT_NAME = "$(TARGET_NAME)";
				SWIFT_VERSION = 5.0;
				TARGETED_DEVICE_FAMILY = "1,2";
				TEST_TARGET_NAME = "Fish Timer";
			};
			name = Release;
		};
/* End XCBuildConfiguration section */

/* Begin XCConfigurationList section */
		AE551DF424EC9EC6006EA151 /* Build configuration list for PBXProject "Fish Timer" */ = {
			isa = XCConfigurationList;
			buildConfigurations = (
				AE551E1924EC9ECB006EA151 /* Debug */,
				AE551E1A24EC9ECB006EA151 /* Release */,
			);
			defaultConfigurationIsVisible = 0;
			defaultConfigurationName = Release;
		};
		AE551E1B24EC9ECB006EA151 /* Build configuration list for PBXNativeTarget "Fish Timer" */ = {
			isa = XCConfigurationList;
			buildConfigurations = (
				AE551E1C24EC9ECB006EA151 /* Debug */,
				AE551E1D24EC9ECB006EA151 /* Release */,
			);
			defaultConfigurationIsVisible = 0;
			defaultConfigurationName = Release;
		};
		AE551E1E24EC9ECB006EA151 /* Build configuration list for PBXNativeTarget "Fish TimerUITests" */ = {
			isa = XCConfigurationList;
			buildConfigurations = (
				AE551E1F24EC9ECB006EA151 /* Debug */,
				AE551E2024EC9ECB006EA151 /* Release */,
			);
			defaultConfigurationIsVisible = 0;
			defaultConfigurationName = Release;
		};
/* End XCConfigurationList section */

/* Begin XCVersionGroup section */
		AE551E0524EC9EC6006EA151 /* Fish_Timer.xcdatamodeld */ = {
			isa = XCVersionGroup;
			children = (
				AE551E0624EC9EC6006EA151 /* Fish_Timer.xcdatamodel */,
			);
			currentVersion = AE551E0624EC9EC6006EA151 /* Fish_Timer.xcdatamodel */;
			path = Fish_Timer.xcdatamodeld;
			sourceTree = "<group>";
			versionGroupType = wrapper.xcdatamodel;
		};
/* End XCVersionGroup section */
	};
	rootObject = AE551DF124EC9EC6006EA151 /* Project object */;
}
